
Microsoft Visual Studio Solution File, Format Version 12.00
# Visual Studio 2013
VisualStudioVersion = 12.0.31101.0
MinimumVisualStudioVersion = 10.0.40219.1
Project("{FAE04EC0-301F-11D3-BF4B-00C04F79EFBC}") = "SharedWebComponents", "SharedWebComponents\SharedWebComponents.csproj", "{DED9BD94-1BFD-4099-893F-673EDF0E6593}"
EndProject
Project("{FAE04EC0-301F-11D3-BF4B-00C04F79EFBC}") = "Consumer", "Consumer\Consumer.csproj", "{447FDFB4-73E6-4873-9D5C-07141CB593B0}"
EndProject
Global
	GlobalSection(SolutionConfigurationPlatforms) = preSolution
		Debug|Any CPU = Debug|Any CPU
		Release|Any CPU = Release|Any CPU
	EndGlobalSection
	GlobalSection(ProjectConfigurationPlatforms) = postSolution
		{DED9BD94-1BFD-4099-893F-673EDF0E6593}.Debug|Any CPU.ActiveCfg = Debug|Any CPU
		{DED9BD94-1BFD-4099-893F-673EDF0E6593}.Debug|Any CPU.Build.0 = Debug|Any CPU
		{DED9BD94-1BFD-4099-893F-673EDF0E6593}.Release|Any CPU.ActiveCfg = Release|Any CPU
		{DED9BD94-1BFD-4099-893F-673EDF0E6593}.Release|Any CPU.Build.0 = Release|Any CPU
		{447FDFB4-73E6-4873-9D5C-07141CB593B0}.Debug|Any CPU.ActiveCfg = Debug|Any CPU
		{447FDFB4-73E6-4873-9D5C-07141CB593B0}.Debug|Any CPU.Build.0 = Debug|Any CPU
		{447FDFB4-73E6-4873-9D5C-07141CB593B0}.Release|Any CPU.ActiveCfg = Release|Any CPU
		{447FDFB4-73E6-4873-9D5C-07141CB593B0}.Release|Any CPU.Build.0 = Release|Any CPU
	EndGlobalSection
	GlobalSection(SolutionProperties) = preSolution
		HideSolutionNode = FALSE
	EndGlobalSection
EndGlobal
